
Microsoft Visual Studio Solution File, Format Version 12.00
# Visual Studio Version 17
VisualStudioVersion = 17.0.31912.275
MinimumVisualStudioVersion = 10.0.40219.1
Project("{9A19103F-16F7-4668-BE54-9A1E7A4F7556}") = "Cowsay", "src\Cowsay\Cowsay.csproj", "{E90E9435-E6D1-4058-A972-763ADE7F1435}"
EndProject
Project("{9A19103F-16F7-4668-BE54-9A1E7A4F7556}") = "Cowsay.UnitTests", "tests\Cowsay.UnitTests\Cowsay.UnitTests.csproj", "{F9377760-234C-43B0-8284-BECA2A4F3D1D}"
EndProject
Project("{9A19103F-16F7-4668-BE54-9A1E7A4F7556}") = "Cowsay.Abstractions", "src\Cowsay.Abstractions\Cowsay.Abstractions.csproj", "{C20FDF66-2B95-4FEB-8304-3BD7948FB396}"
EndProject
Project("{9A19103F-16F7-4668-BE54-9A1E7A4F7556}") = "Cowsay.Extensions.DependencyInjection", "src\Cowsay.Extensions.DependencyInjection\Cowsay.Extensions.DependencyInjection.csproj", "{AEFE9EFB-40DD-4C8C-876D-32CF7EEAAD19}"
EndProject
Project("{FAE04EC0-301F-11D3-BF4B-00C04F79EFBC}") = "Cowsay.CLI", "src\Cowsay.CLI\Cowsay.CLI.csproj", "{94C31F9D-5B62-49BB-A49C-F26CF8AE58C9}"
EndProject
Project("{FAE04EC0-301F-11D3-BF4B-00C04F79EFBC}") = "Cowsay.CLI.Tests", "tests\Cowsay.CLI.Tests\Cowsay.CLI.Tests.csproj", "{21A79425-1369-4E6C-A597-BD27F897E91B}"
EndProject
Project("{2150E333-8FDC-42A3-9474-1A3956D46DE8}") = "tests", "tests", "{98E17035-795D-49A3-BD46-D2D4D6667169}"
EndProject
Project("{FAE04EC0-301F-11D3-BF4B-00C04F79EFBC}") = "Cowsay.Extensions.DependencyInjection.Tests", "tests\Cowsay.Extensions.DependencyInjection.Tests\Cowsay.Extensions.DependencyInjection.Tests.csproj", "{95C50E89-EC80-43A1-B63C-DA08615CC30F}"
EndProject
Global
	GlobalSection(SolutionConfigurationPlatforms) = preSolution
		Debug|Any CPU = Debug|Any CPU
		Release|Any CPU = Release|Any CPU
	EndGlobalSection
	GlobalSection(ProjectConfigurationPlatforms) = postSolution
		{E90E9435-E6D1-4058-A972-763ADE7F1435}.Debug|Any CPU.ActiveCfg = Debug|Any CPU
		{E90E9435-E6D1-4058-A972-763ADE7F1435}.Debug|Any CPU.Build.0 = Debug|Any CPU
		{E90E9435-E6D1-4058-A972-763ADE7F1435}.Release|Any CPU.ActiveCfg = Release|Any CPU
		{E90E9435-E6D1-4058-A972-763ADE7F1435}.Release|Any CPU.Build.0 = Release|Any CPU
		{F9377760-234C-43B0-8284-BECA2A4F3D1D}.Debug|Any CPU.ActiveCfg = Debug|Any CPU
		{F9377760-234C-43B0-8284-BECA2A4F3D1D}.Debug|Any CPU.Build.0 = Debug|Any CPU
		{F9377760-234C-43B0-8284-BECA2A4F3D1D}.Release|Any CPU.ActiveCfg = Release|Any CPU
		{F9377760-234C-43B0-8284-BECA2A4F3D1D}.Release|Any CPU.Build.0 = Release|Any CPU
		{C20FDF66-2B95-4FEB-8304-3BD7948FB396}.Debug|Any CPU.ActiveCfg = Debug|Any CPU
		{C20FDF66-2B95-4FEB-8304-3BD7948FB396}.Debug|Any CPU.Build.0 = Debug|Any CPU
		{C20FDF66-2B95-4FEB-8304-3BD7948FB396}.Release|Any CPU.ActiveCfg = Release|Any CPU
		{C20FDF66-2B95-4FEB-8304-3BD7948FB396}.Release|Any CPU.Build.0 = Release|Any CPU
		{AEFE9EFB-40DD-4C8C-876D-32CF7EEAAD19}.Debug|Any CPU.ActiveCfg = Debug|Any CPU
		{AEFE9EFB-40DD-4C8C-876D-32CF7EEAAD19}.Debug|Any CPU.Build.0 = Debug|Any CPU
		{AEFE9EFB-40DD-4C8C-876D-32CF7EEAAD19}.Release|Any CPU.ActiveCfg = Release|Any CPU
		{AEFE9EFB-40DD-4C8C-876D-32CF7EEAAD19}.Release|Any CPU.Build.0 = Release|Any CPU
		{94C31F9D-5B62-49BB-A49C-F26CF8AE58C9}.Debug|Any CPU.ActiveCfg = Debug|Any CPU
		{94C31F9D-5B62-49BB-A49C-F26CF8AE58C9}.Debug|Any CPU.Build.0 = Debug|Any CPU
		{94C31F9D-5B62-49BB-A49C-F26CF8AE58C9}.Release|Any CPU.ActiveCfg = Release|Any CPU
		{94C31F9D-5B62-49BB-A49C-F26CF8AE58C9}.Release|Any CPU.Build.0 = Release|Any CPU
		{21A79425-1369-4E6C-A597-BD27F897E91B}.Debug|Any CPU.ActiveCfg = Debug|Any CPU
		{21A79425-1369-4E6C-A597-BD27F897E91B}.Debug|Any CPU.Build.0 = Debug|Any CPU
		{21A79425-1369-4E6C-A597-BD27F897E91B}.Release|Any CPU.ActiveCfg = Release|Any CPU
		{21A79425-1369-4E6C-A597-BD27F897E91B}.Release|Any CPU.Build.0 = Release|Any CPU
		{95C50E89-EC80-43A1-B63C-DA08615CC30F}.Debug|Any CPU.ActiveCfg = Debug|Any CPU
		{95C50E89-EC80-43A1-B63C-DA08615CC30F}.Debug|Any CPU.Build.0 = Debug|Any CPU
		{95C50E89-EC80-43A1-B63C-DA08615CC30F}.Release|Any CPU.ActiveCfg = Release|Any CPU
		{95C50E89-EC80-43A1-B63C-DA08615CC30F}.Release|Any CPU.Build.0 = Release|Any CPU
	EndGlobalSection
	GlobalSection(SolutionProperties) = preSolution
		HideSolutionNode = FALSE
	EndGlobalSection
	GlobalSection(ExtensibilityGlobals) = postSolution
		SolutionGuid = {E0059EE8-BDAB-400B-BA53-C0FFC5387E7D}
	EndGlobalSection
	GlobalSection(NestedProjects) = preSolution
		{95C50E89-EC80-43A1-B63C-DA08615CC30F} = {98E17035-795D-49A3-BD46-D2D4D6667169}
		{21A79425-1369-4E6C-A597-BD27F897E91B} = {98E17035-795D-49A3-BD46-D2D4D6667169}
		{F9377760-234C-43B0-8284-BECA2A4F3D1D} = {98E17035-795D-49A3-BD46-D2D4D6667169}
	EndGlobalSection
EndGlobal
