
Microsoft Visual Studio Solution File, Format Version 12.00
# Visual Studio Version 17
VisualStudioVersion = 17.0.31912.275
MinimumVisualStudioVersion = 10.0.40219.1
Project("{9A19103F-16F7-4668-BE54-9A1E7A4F7556}") = "Cowsay", "Cowsay\Cowsay.csproj", "{E90E9435-E6D1-4058-A972-763ADE7F1435}"
EndProject
Project("{9A19103F-16F7-4668-BE54-9A1E7A4F7556}") = "Cowsay.UnitTests", "Cowsay.UnitTests\Cowsay.UnitTests.csproj", "{F9377760-234C-43B0-8284-BECA2A4F3D1D}"
EndProject
Project("{9A19103F-16F7-4668-BE54-9A1E7A4F7556}") = "Cowsay.Abstractions", "Cowsay.Abstractions\Cowsay.Abstractions.csproj", "{C20FDF66-2B95-4FEB-8304-3BD7948FB396}"
EndProject
Project("{9A19103F-16F7-4668-BE54-9A1E7A4F7556}") = "Cowsay.Extensions.DependencyInjection", "Cowsay.Extensions.DependencyInjection\Cowsay.Extensions.DependencyInjection.csproj", "{AEFE9EFB-40DD-4C8C-876D-32CF7EEAAD19}"
EndProject
Global
	GlobalSection(SolutionConfigurationPlatforms) = preSolution
		Debug|Any CPU = Debug|Any CPU
		Release|Any CPU = Release|Any CPU
	EndGlobalSection
	GlobalSection(ProjectConfigurationPlatforms) = postSolution
		{E90E9435-E6D1-4058-A972-763ADE7F1435}.Debug|Any CPU.ActiveCfg = Debug|Any CPU
		{E90E9435-E6D1-4058-A972-763ADE7F1435}.Debug|Any CPU.Build.0 = Debug|Any CPU
		{E90E9435-E6D1-4058-A972-763ADE7F1435}.Release|Any CPU.ActiveCfg = Release|Any CPU
		{E90E9435-E6D1-4058-A972-763ADE7F1435}.Release|Any CPU.Build.0 = Release|Any CPU
		{F9377760-234C-43B0-8284-BECA2A4F3D1D}.Debug|Any CPU.ActiveCfg = Debug|Any CPU
		{F9377760-234C-43B0-8284-BECA2A4F3D1D}.Debug|Any CPU.Build.0 = Debug|Any CPU
		{F9377760-234C-43B0-8284-BECA2A4F3D1D}.Release|Any CPU.ActiveCfg = Release|Any CPU
		{F9377760-234C-43B0-8284-BECA2A4F3D1D}.Release|Any CPU.Build.0 = Release|Any CPU
		{C20FDF66-2B95-4FEB-8304-3BD7948FB396}.Debug|Any CPU.ActiveCfg = Debug|Any CPU
		{C20FDF66-2B95-4FEB-8304-3BD7948FB396}.Debug|Any CPU.Build.0 = Debug|Any CPU
		{C20FDF66-2B95-4FEB-8304-3BD7948FB396}.Release|Any CPU.ActiveCfg = Release|Any CPU
		{C20FDF66-2B95-4FEB-8304-3BD7948FB396}.Release|Any CPU.Build.0 = Release|Any CPU
		{AEFE9EFB-40DD-4C8C-876D-32CF7EEAAD19}.Debug|Any CPU.ActiveCfg = Debug|Any CPU
		{AEFE9EFB-40DD-4C8C-876D-32CF7EEAAD19}.Debug|Any CPU.Build.0 = Debug|Any CPU
		{AEFE9EFB-40DD-4C8C-876D-32CF7EEAAD19}.Release|Any CPU.ActiveCfg = Release|Any CPU
		{AEFE9EFB-40DD-4C8C-876D-32CF7EEAAD19}.Release|Any CPU.Build.0 = Release|Any CPU
	EndGlobalSection
	GlobalSection(SolutionProperties) = preSolution
		HideSolutionNode = FALSE
	EndGlobalSection
	GlobalSection(ExtensibilityGlobals) = postSolution
		SolutionGuid = {E0059EE8-BDAB-400B-BA53-C0FFC5387E7D}
	EndGlobalSection
EndGlobal
